
Microsoft Visual Studio Solution File, Format Version 12.00
# Visual Studio Version 17
VisualStudioVersion = 17.7.34024.191
MinimumVisualStudioVersion = 10.0.40219.1
Project("{FAE04EC0-301F-11D3-BF4B-00C04F79EFBC}") = "lab2_Server_AIS", "Lab2_Server_AIS\lab2_Server_AIS.csproj", "{258661C2-3D38-46D9-A4BF-6058EE07D407}"
EndProject
Global
	GlobalSection(SolutionConfigurationPlatforms) = preSolution
		Debug|Any CPU = Debug|Any CPU
		Release|Any CPU = Release|Any CPU
	EndGlobalSection
	GlobalSection(ProjectConfigurationPlatforms) = postSolution
		{258661C2-3D38-46D9-A4BF-6058EE07D407}.Debug|Any CPU.ActiveCfg = Debug|Any CPU
		{258661C2-3D38-46D9-A4BF-6058EE07D407}.Debug|Any CPU.Build.0 = Debug|Any CPU
		{258661C2-3D38-46D9-A4BF-6058EE07D407}.Release|Any CPU.ActiveCfg = Release|Any CPU
		{258661C2-3D38-46D9-A4BF-6058EE07D407}.Release|Any CPU.Build.0 = Release|Any CPU
	EndGlobalSection
	GlobalSection(SolutionProperties) = preSolution
		HideSolutionNode = FALSE
	EndGlobalSection
	GlobalSection(ExtensibilityGlobals) = postSolution
		SolutionGuid = {A4CAE7CF-E7C8-48D2-9408-C0F1EB4726A6}
	EndGlobalSection
EndGlobal
